{
  "name": "cf-logs-worker",
  "version": "1.0.0",
  "lockfileVersion": 1,
  "requires": true,
  "dependencies": {
    "@types/node": {
      "version": "12.6.4",
      "resolved": "https://registry.npmjs.org/@types/node/-/node-12.6.4.tgz",
      "integrity": "sha512-ZKrDzI6KhrqtLpccI1YxMh4d+qzNnftNtp6iL9c4mLTNgzguFu7VR7pXH/C/MfzikMeoXjvISL9mlIGNGGDXDg==",
      "dev": true
    },
    "@udacity/types-service-worker-mock": {
      "version": "1.0.1",
      "resolved": "https://registry.npmjs.org/@udacity/types-service-worker-mock/-/types-service-worker-mock-1.0.1.tgz",
      "integrity": "sha512-Xl0uzK70sbU4BGgfgVzEKe9Yt7xUtXv7wBy/mIazdPeicSZeY0B6nOhu2dyeBU1Y1veq6++X8NR/gdNvE01mjw==",
      "dev": true,
      "requires": {
        "service-worker-mock": "^2.0.0"
      }
    },
    "browser-process-hrtime": {
      "version": "0.1.3",
      "resolved": "https://registry.npmjs.org/browser-process-hrtime/-/browser-process-hrtime-0.1.3.tgz",
      "integrity": "sha512-bRFnI4NnjO6cnyLmOV/7PVoDEMJChlcfN0z4s1YMBY989/SvlfMI1lgCnkFUs53e9gQF+w7qu7XdllSTiSl8Aw==",
      "dev": true
    },
    "cloudflare-worker-mock": {
      "version": "1.0.1",
      "resolved": "https://registry.npmjs.org/cloudflare-worker-mock/-/cloudflare-worker-mock-1.0.1.tgz",
      "integrity": "sha512-IBsRAMCOfK7nz1KAZ0F2eMOkJTIC11aZAMNZTXO4j/jB2s9HC7mgyfhHBRybeKZ1h+AxpcqDETShD4B53Kwi5w==",
      "dev": true,
      "requires": {
        "service-worker-mock": "^2.0.3"
      }
    },
    "dom-urls": {
      "version": "1.1.0",
      "resolved": "https://registry.npmjs.org/dom-urls/-/dom-urls-1.1.0.tgz",
      "integrity": "sha1-AB3fgWKM0ecGElxxdvU8zsVdkY4=",
      "dev": true,
      "requires": {
        "urijs": "^1.16.1"
      }
    },
    "service-worker-mock": {
      "version": "2.0.3",
      "resolved": "https://registry.npmjs.org/service-worker-mock/-/service-worker-mock-2.0.3.tgz",
      "integrity": "sha512-LqTIVgm63EylNZldkpHxyC+iimxJwV6ymA4QaoOK+9d8Pt2kNcLgro96lH4Xgy0VYSzI5Qgr6eq2pikC0rxNCQ==",
      "dev": true,
      "requires": {
        "dom-urls": "^1.1.0",
        "shelving-mock-indexeddb": "github:philipwalton/shelving-mock-indexeddb#621b7a275568051846d20e3e557fa1101418b1d1",
        "url-search-params": "^0.10.0",
        "w3c-hr-time": "^1.0.1"
      }
    },
    "shelving-mock-event": {
      "version": "1.0.12",
      "resolved": "https://registry.npmjs.org/shelving-mock-event/-/shelving-mock-event-1.0.12.tgz",
      "integrity": "sha512-2F+IZ010rwV3sA/Kd2hnC1vGNycsxeBJmjkXR8+4IOlv5e+Wvj+xH+A8Cv8/Z0lUyCut/HcxSpeDccYTVtnuaQ==",
      "dev": true
    },
    "shelving-mock-indexeddb": {
      "version": "github:philipwalton/shelving-mock-indexeddb#621b7a275568051846d20e3e557fa1101418b1d1",
      "from": "github:philipwalton/shelving-mock-indexeddb#621b7a275568051846d20e3e557fa1101418b1d1",
      "dev": true,
      "requires": {
        "shelving-mock-event": "^1.0.8"
      }
    },
    "types-cloudflare-worker": {
      "version": "1.0.1",
      "resolved": "https://registry.npmjs.org/types-cloudflare-worker/-/types-cloudflare-worker-1.0.1.tgz",
      "integrity": "sha512-LV1QTSkhcAVlzivjGHPyDyL2qagZyWY++cqZOmkEXjKLTrDfzMWwNJuwUhEVt+OahUWdlz1V+5DRU7XvwLEKJQ==",
      "dev": true
    },
    "typescript": {
      "version": "3.5.3",
      "resolved": "https://registry.npmjs.org/typescript/-/typescript-3.5.3.tgz",
      "integrity": "sha512-ACzBtm/PhXBDId6a6sDJfroT2pOWt/oOnk4/dElG5G33ZL776N3Y6/6bKZJBFpd+b05F3Ct9qDjMeJmRWtE2/g==",
      "dev": true
    },
    "urijs": {
      "version": "1.19.1",
      "resolved": "https://registry.npmjs.org/urijs/-/urijs-1.19.1.tgz",
      "integrity": "sha512-xVrGVi94ueCJNrBSTjWqjvtgvl3cyOTThp2zaMaFNGp3F542TR6sM3f2o8RqZl+AwteClSVmoCyt0ka4RjQOQg==",
      "dev": true
    },
    "url-search-params": {
      "version": "0.10.2",
      "resolved": "https://registry.npmjs.org/url-search-params/-/url-search-params-0.10.2.tgz",
      "integrity": "sha512-d6GYsr992Bo9rzTZFc9BUw3UFAAg3prE9JGVBgW2TLTbI3rSvg4VDa0BFXHMzKkWbAuhrmaFWpucpRJl+3W7Jg==",
      "dev": true
    },
    "w3c-hr-time": {
      "version": "1.0.1",
      "resolved": "https://registry.npmjs.org/w3c-hr-time/-/w3c-hr-time-1.0.1.tgz",
      "integrity": "sha1-gqwr/2PZUOqeMYmlimViX+3xkEU=",
      "dev": true,
      "requires": {
        "browser-process-hrtime": "^0.1.2"
      }
    }
  }
}
